
Microsoft Visual Studio Solution File, Format Version 12.00
# Visual Studio Version 17
VisualStudioVersion = 17.0.32126.317
MinimumVisualStudioVersion = 10.0.40219.1
Project("{8BC9CEB8-8B4A-11D0-8D11-00A0C91BC942}") = "SRender", "SRender.vcxproj", "{BED7E55A-EF1D-4097-8240-20C5F100B472}"
EndProject
Global
	GlobalSection(SolutionConfigurationPlatforms) = preSolution
		Debug|x64 = Debug|x64
		Debug|x86 = Debug|x86
		Release|x64 = Release|x64
		Release|x86 = Release|x86
	EndGlobalSection
	GlobalSection(ProjectConfigurationPlatforms) = postSolution
		{BED7E55A-EF1D-4097-8240-20C5F100B472}.Debug|x64.ActiveCfg = Debug|x64
		{BED7E55A-EF1D-4097-8240-20C5F100B472}.Debug|x64.Build.0 = Debug|x64
		{BED7E55A-EF1D-4097-8240-20C5F100B472}.Debug|x86.ActiveCfg = Debug|Win32
		{BED7E55A-EF1D-4097-8240-20C5F100B472}.Debug|x86.Build.0 = Debug|Win32
		{BED7E55A-EF1D-4097-8240-20C5F100B472}.Release|x64.ActiveCfg = Release|x64
		{BED7E55A-EF1D-4097-8240-20C5F100B472}.Release|x64.Build.0 = Release|x64
		{BED7E55A-EF1D-4097-8240-20C5F100B472}.Release|x86.ActiveCfg = Release|Win32
		{BED7E55A-EF1D-4097-8240-20C5F100B472}.Release|x86.Build.0 = Release|Win32
	EndGlobalSection
	GlobalSection(SolutionProperties) = preSolution
		HideSolutionNode = FALSE
	EndGlobalSection
	GlobalSection(ExtensibilityGlobals) = postSolution
		SolutionGuid = {B82DCD0A-CE5E-42D2-8BA1-4A334A044DD3}
	EndGlobalSection
EndGlobal
